
Microsoft Visual Studio Solution File, Format Version 12.00
# Visual Studio Version 16
VisualStudioVersion = 16.0.32428.217
MinimumVisualStudioVersion = 10.0.40219.1
Project("{FAE04EC0-301F-11D3-BF4B-00C04F79EFBC}") = "NgCore", "NgCore.csproj", "{AF0C20A9-EEC0-4B83-B7A1-1E6D5D05CD76}"
EndProject
Global
	GlobalSection(SolutionConfigurationPlatforms) = preSolution
		Debug|Any CPU = Debug|Any CPU
		Release|Any CPU = Release|Any CPU
	EndGlobalSection
	GlobalSection(ProjectConfigurationPlatforms) = postSolution
		{AF0C20A9-EEC0-4B83-B7A1-1E6D5D05CD76}.Debug|Any CPU.ActiveCfg = Debug|Any CPU
		{AF0C20A9-EEC0-4B83-B7A1-1E6D5D05CD76}.Debug|Any CPU.Build.0 = Debug|Any CPU
		{AF0C20A9-EEC0-4B83-B7A1-1E6D5D05CD76}.Release|Any CPU.ActiveCfg = Release|Any CPU
		{AF0C20A9-EEC0-4B83-B7A1-1E6D5D05CD76}.Release|Any CPU.Build.0 = Release|Any CPU
	EndGlobalSection
	GlobalSection(SolutionProperties) = preSolution
		HideSolutionNode = FALSE
	EndGlobalSection
	GlobalSection(ExtensibilityGlobals) = postSolution
		SolutionGuid = {CFAAAAF8-975B-4B42-92C8-C6EDC5B43F23}
	EndGlobalSection
EndGlobal
